{
  "version": 4,
  "terraform_version": "1.11.1",
  "serial": 2,
  "lineage": "e2f1bb0b-31ca-2dba-e124-caf72333fc8c",
  "outputs": {},
  "resources": [
    {
      "mode": "managed",
      "type": "aws_vpc",
      "name": "VPC",
      "provider": "provider[\"registry.terraform.io/hashicorp/aws\"]",
      "instances": [
        {
          "schema_version": 1,
          "attributes": {
            "arn": "arn:aws:ec2:ap-south-1:209684375640:vpc/vpc-064b38d6c5e58eb46",
            "assign_generated_ipv6_cidr_block": false,
            "cidr_block": "10.0.0.0/16",
            "default_network_acl_id": "acl-08d11a35b75a80233",
            "default_route_table_id": "rtb-0ba51bac9a5f2b454",
            "default_security_group_id": "sg-0dfc0022332191335",
            "dhcp_options_id": "dopt-0f99c7d5093bbfff0",
            "enable_dns_hostnames": false,
            "enable_dns_support": true,
            "enable_network_address_usage_metrics": false,
            "id": "vpc-064b38d6c5e58eb46",
            "instance_tenancy": "default",
            "ipv4_ipam_pool_id": null,
            "ipv4_netmask_length": null,
            "ipv6_association_id": "",
            "ipv6_cidr_block": "",
            "ipv6_cidr_block_network_border_group": "",
            "ipv6_ipam_pool_id": "",
            "ipv6_netmask_length": 0,
            "main_route_table_id": "rtb-0ba51bac9a5f2b454",
            "owner_id": "209684375640",
            "region": "ap-south-1",
            "tags": {
              "Name": "AWS-VPC"
            },
            "tags_all": {
              "Name": "AWS-VPC"
            }
          },
          "sensitive_attributes": [],
          "private": "eyJzY2hlbWFfdmVyc2lvbiI6IjEifQ=="
        }
      ]
    }
  ],
  "check_results": null
}
